
Microsoft Visual Studio Solution File, Format Version 12.00
# Visual Studio 15
VisualStudioVersion = 15.0.28307.329
MinimumVisualStudioVersion = 10.0.40219.1
Project("{FAE04EC0-301F-11D3-BF4B-00C04F79EFBC}") = "nome_idade_pessoa", "nome_idade_pessoa\nome_idade_pessoa.csproj", "{4A89C583-6F5A-4F34-A6E0-1941AD81B92F}"
EndProject
Global
	GlobalSection(SolutionConfigurationPlatforms) = preSolution
		Debug|Any CPU = Debug|Any CPU
		Release|Any CPU = Release|Any CPU
	EndGlobalSection
	GlobalSection(ProjectConfigurationPlatforms) = postSolution
		{4A89C583-6F5A-4F34-A6E0-1941AD81B92F}.Debug|Any CPU.ActiveCfg = Debug|Any CPU
		{4A89C583-6F5A-4F34-A6E0-1941AD81B92F}.Debug|Any CPU.Build.0 = Debug|Any CPU
		{4A89C583-6F5A-4F34-A6E0-1941AD81B92F}.Release|Any CPU.ActiveCfg = Release|Any CPU
		{4A89C583-6F5A-4F34-A6E0-1941AD81B92F}.Release|Any CPU.Build.0 = Release|Any CPU
	EndGlobalSection
	GlobalSection(SolutionProperties) = preSolution
		HideSolutionNode = FALSE
	EndGlobalSection
	GlobalSection(ExtensibilityGlobals) = postSolution
		SolutionGuid = {85BE2154-64D1-431A-9FEF-695DEF5B6A3D}
	EndGlobalSection
EndGlobal
