
Microsoft Visual Studio Solution File, Format Version 12.00
# Visual Studio 15
VisualStudioVersion = 15.0.28307.329
MinimumVisualStudioVersion = 10.0.40219.1
Project("{FAE04EC0-301F-11D3-BF4B-00C04F79EFBC}") = "tres_numeros_inteiros", "tres_numeros_inteiros\tres_numeros_inteiros.csproj", "{E57D1533-36EA-460D-A939-8E8EF5615293}"
EndProject
Global
	GlobalSection(SolutionConfigurationPlatforms) = preSolution
		Debug|Any CPU = Debug|Any CPU
		Release|Any CPU = Release|Any CPU
	EndGlobalSection
	GlobalSection(ProjectConfigurationPlatforms) = postSolution
		{E57D1533-36EA-460D-A939-8E8EF5615293}.Debug|Any CPU.ActiveCfg = Debug|Any CPU
		{E57D1533-36EA-460D-A939-8E8EF5615293}.Debug|Any CPU.Build.0 = Debug|Any CPU
		{E57D1533-36EA-460D-A939-8E8EF5615293}.Release|Any CPU.ActiveCfg = Release|Any CPU
		{E57D1533-36EA-460D-A939-8E8EF5615293}.Release|Any CPU.Build.0 = Release|Any CPU
	EndGlobalSection
	GlobalSection(SolutionProperties) = preSolution
		HideSolutionNode = FALSE
	EndGlobalSection
	GlobalSection(ExtensibilityGlobals) = postSolution
		SolutionGuid = {A96BAB50-FF41-4F8E-8CAB-4CEBE7B1437F}
	EndGlobalSection
EndGlobal
