
Microsoft Visual Studio Solution File, Format Version 12.00
# Visual Studio 15
VisualStudioVersion = 15.0.28307.329
MinimumVisualStudioVersion = 10.0.40219.1
Project("{FAE04EC0-301F-11D3-BF4B-00C04F79EFBC}") = "consumo_medio_automovel", "consumo_medio_automovel\consumo_medio_automovel.csproj", "{39337E55-54D4-4906-9049-CECFE8D2D03F}"
EndProject
Global
	GlobalSection(SolutionConfigurationPlatforms) = preSolution
		Debug|Any CPU = Debug|Any CPU
		Release|Any CPU = Release|Any CPU
	EndGlobalSection
	GlobalSection(ProjectConfigurationPlatforms) = postSolution
		{39337E55-54D4-4906-9049-CECFE8D2D03F}.Debug|Any CPU.ActiveCfg = Debug|Any CPU
		{39337E55-54D4-4906-9049-CECFE8D2D03F}.Debug|Any CPU.Build.0 = Debug|Any CPU
		{39337E55-54D4-4906-9049-CECFE8D2D03F}.Release|Any CPU.ActiveCfg = Release|Any CPU
		{39337E55-54D4-4906-9049-CECFE8D2D03F}.Release|Any CPU.Build.0 = Release|Any CPU
	EndGlobalSection
	GlobalSection(SolutionProperties) = preSolution
		HideSolutionNode = FALSE
	EndGlobalSection
	GlobalSection(ExtensibilityGlobals) = postSolution
		SolutionGuid = {B4B740B0-8A31-4A9B-AD6B-A3C722949989}
	EndGlobalSection
EndGlobal
